
Microsoft Visual Studio Solution File, Format Version 12.00
# Visual Studio Version 16
VisualStudioVersion = 16.0.29609.76
MinimumVisualStudioVersion = 10.0.40219.1
Project("{FAE04EC0-301F-11D3-BF4B-00C04F79EFBC}") = "TestRobot", "TestRobot.csproj", "{06894857-E8FF-498E-856A-175BE23D9293}"
EndProject
Global
	GlobalSection(SolutionConfigurationPlatforms) = preSolution
		Debug|Any CPU = Debug|Any CPU
		Release|Any CPU = Release|Any CPU
	EndGlobalSection
	GlobalSection(ProjectConfigurationPlatforms) = postSolution
		{06894857-E8FF-498E-856A-175BE23D9293}.Debug|Any CPU.ActiveCfg = Debug|Any CPU
		{06894857-E8FF-498E-856A-175BE23D9293}.Debug|Any CPU.Build.0 = Debug|Any CPU
		{06894857-E8FF-498E-856A-175BE23D9293}.Release|Any CPU.ActiveCfg = Release|Any CPU
		{06894857-E8FF-498E-856A-175BE23D9293}.Release|Any CPU.Build.0 = Release|Any CPU
	EndGlobalSection
	GlobalSection(SolutionProperties) = preSolution
		HideSolutionNode = FALSE
	EndGlobalSection
	GlobalSection(ExtensibilityGlobals) = postSolution
		SolutionGuid = {0DBFF4BA-347C-48CA-A2D5-511A71F62E78}
	EndGlobalSection
EndGlobal
